
Microsoft Visual Studio Solution File, Format Version 12.00
# Visual Studio Version 16
VisualStudioVersion = 16.0.29020.237
MinimumVisualStudioVersion = 10.0.40219.1
Project("{FAE04EC0-301F-11D3-BF4B-00C04F79EFBC}") = "WebSpeechSynthesisDemo", "WebSpeechSynthesisDemo\WebSpeechSynthesisDemo.csproj", "{DA5DFACD-554F-4C09-A9E2-CE6FD69E5EBD}"
EndProject
Global
	GlobalSection(SolutionConfigurationPlatforms) = preSolution
		Debug|Any CPU = Debug|Any CPU
		Release|Any CPU = Release|Any CPU
	EndGlobalSection
	GlobalSection(ProjectConfigurationPlatforms) = postSolution
		{DA5DFACD-554F-4C09-A9E2-CE6FD69E5EBD}.Debug|Any CPU.ActiveCfg = Debug|Any CPU
		{DA5DFACD-554F-4C09-A9E2-CE6FD69E5EBD}.Debug|Any CPU.Build.0 = Debug|Any CPU
		{DA5DFACD-554F-4C09-A9E2-CE6FD69E5EBD}.Release|Any CPU.ActiveCfg = Release|Any CPU
		{DA5DFACD-554F-4C09-A9E2-CE6FD69E5EBD}.Release|Any CPU.Build.0 = Release|Any CPU
	EndGlobalSection
	GlobalSection(SolutionProperties) = preSolution
		HideSolutionNode = FALSE
	EndGlobalSection
	GlobalSection(ExtensibilityGlobals) = postSolution
		SolutionGuid = {3CC1DD11-959D-4B19-BD40-3077C788F9FD}
	EndGlobalSection
EndGlobal
